
Microsoft Visual Studio Solution File, Format Version 12.00
# Visual Studio 15
VisualStudioVersion = 15.0.28010.2036
MinimumVisualStudioVersion = 10.0.40219.1
Project("{FAE04EC0-301F-11D3-BF4B-00C04F79EFBC}") = "UUUMod517", "UUUMod517\UUUMod517.csproj", "{B9E5BB0B-C87E-4870-962A-ACCD3E0D3239}"
EndProject
Global
	GlobalSection(SolutionConfigurationPlatforms) = preSolution
		Debug|Any CPU = Debug|Any CPU
		Release|Any CPU = Release|Any CPU
	EndGlobalSection
	GlobalSection(ProjectConfigurationPlatforms) = postSolution
		{B9E5BB0B-C87E-4870-962A-ACCD3E0D3239}.Debug|Any CPU.ActiveCfg = Debug|Any CPU
		{B9E5BB0B-C87E-4870-962A-ACCD3E0D3239}.Debug|Any CPU.Build.0 = Debug|Any CPU
		{B9E5BB0B-C87E-4870-962A-ACCD3E0D3239}.Release|Any CPU.ActiveCfg = Release|Any CPU
		{B9E5BB0B-C87E-4870-962A-ACCD3E0D3239}.Release|Any CPU.Build.0 = Release|Any CPU
	EndGlobalSection
	GlobalSection(SolutionProperties) = preSolution
		HideSolutionNode = FALSE
	EndGlobalSection
	GlobalSection(ExtensibilityGlobals) = postSolution
		SolutionGuid = {F98BD787-D1A3-4405-A3E8-49D9A7308376}
	EndGlobalSection
EndGlobal
